Microsoft Visual Studio Solution File, Format Version 12.00
Project("{FAE04EC0-301F-11D3-BF4B-00C04F79EFBC}") = "Mindbox.ExceptionsHandling", "Mindbox.ExceptionsHandling\Mindbox.ExceptionsHandling.csproj", "{9AA77F3F-314C-4035-AB5C-5D1CC6695A7B}"
EndProject
Project("{FAE04EC0-301F-11D3-BF4B-00C04F79EFBC}") = "Mindbox.ExceptionsHandling.Tests", "Mindbox.ExceptionsHandling.Tests\Mindbox.ExceptionsHandling.Tests.csproj", "{86B47275-D283-4A4C-BF2E-7192FA2A2458}"
EndProject
Project("{FAE04EC0-301F-11D3-BF4B-00C04F79EFBC}") = "Mindbox.ExceptionsHandling.Abstractions", "Mindbox.ExceptionsHandling.Abstractions\Mindbox.ExceptionsHandling.Abstractions.csproj", "{192FA40C-6379-4CFB-AE0A-99DF91C5D367}"
EndProject
Project("{2150E333-8FDC-42A3-9474-1A3956D46DE8}") = "Solution Items", "Solution Items", "{F179000C-D6AC-4D15-A588-392E8D79A734}"
	ProjectSection(SolutionItems) = preProject
		.editorconfig = .editorconfig
		Directory.Build.props = Directory.Build.props
	EndProjectSection
EndProject
Global
	GlobalSection(SolutionConfigurationPlatforms) = preSolution
		Debug|Any CPU = Debug|Any CPU
		Release|Any CPU = Release|Any CPU
	EndGlobalSection
	GlobalSection(ProjectConfigurationPlatforms) = postSolution
		{9AA77F3F-314C-4035-AB5C-5D1CC6695A7B}.Debug|Any CPU.ActiveCfg = Debug|Any CPU
		{9AA77F3F-314C-4035-AB5C-5D1CC6695A7B}.Debug|Any CPU.Build.0 = Debug|Any CPU
		{9AA77F3F-314C-4035-AB5C-5D1CC6695A7B}.Release|Any CPU.ActiveCfg = Release|Any CPU
		{9AA77F3F-314C-4035-AB5C-5D1CC6695A7B}.Release|Any CPU.Build.0 = Release|Any CPU
		{86B47275-D283-4A4C-BF2E-7192FA2A2458}.Debug|Any CPU.ActiveCfg = Debug|Any CPU
		{86B47275-D283-4A4C-BF2E-7192FA2A2458}.Debug|Any CPU.Build.0 = Debug|Any CPU
		{86B47275-D283-4A4C-BF2E-7192FA2A2458}.Release|Any CPU.ActiveCfg = Release|Any CPU
		{86B47275-D283-4A4C-BF2E-7192FA2A2458}.Release|Any CPU.Build.0 = Release|Any CPU
		{192FA40C-6379-4CFB-AE0A-99DF91C5D367}.Debug|Any CPU.ActiveCfg = Debug|Any CPU
		{192FA40C-6379-4CFB-AE0A-99DF91C5D367}.Debug|Any CPU.Build.0 = Debug|Any CPU
		{192FA40C-6379-4CFB-AE0A-99DF91C5D367}.Release|Any CPU.ActiveCfg = Release|Any CPU
		{192FA40C-6379-4CFB-AE0A-99DF91C5D367}.Release|Any CPU.Build.0 = Release|Any CPU
	EndGlobalSection
EndGlobal
