Microsoft Visual Studio Solution File, Format Version 12.00
Project("{FAE04EC0-301F-11D3-BF4B-00C04F79EFBC}") = "Model", "Model\Model.csproj", "{3B238F20-AEE4-43F6-B411-4EA3EE7B73E5}"
EndProject
Project("{FAE04EC0-301F-11D3-BF4B-00C04F79EFBC}") = "Tests", "Tests\Tests.csproj", "{C9239C9A-CC0D-4B62-8411-F62544F0529D}"
EndProject
Global
	GlobalSection(SolutionConfigurationPlatforms) = preSolution
		Debug|Any CPU = Debug|Any CPU
		Release|Any CPU = Release|Any CPU
	EndGlobalSection
	GlobalSection(ProjectConfigurationPlatforms) = postSolution
		{3B238F20-AEE4-43F6-B411-4EA3EE7B73E5}.Debug|Any CPU.ActiveCfg = Debug|Any CPU
		{3B238F20-AEE4-43F6-B411-4EA3EE7B73E5}.Debug|Any CPU.Build.0 = Debug|Any CPU
		{3B238F20-AEE4-43F6-B411-4EA3EE7B73E5}.Release|Any CPU.ActiveCfg = Release|Any CPU
		{3B238F20-AEE4-43F6-B411-4EA3EE7B73E5}.Release|Any CPU.Build.0 = Release|Any CPU
		{C9239C9A-CC0D-4B62-8411-F62544F0529D}.Debug|Any CPU.ActiveCfg = Debug|Any CPU
		{C9239C9A-CC0D-4B62-8411-F62544F0529D}.Debug|Any CPU.Build.0 = Debug|Any CPU
		{C9239C9A-CC0D-4B62-8411-F62544F0529D}.Release|Any CPU.ActiveCfg = Release|Any CPU
		{C9239C9A-CC0D-4B62-8411-F62544F0529D}.Release|Any CPU.Build.0 = Release|Any CPU
	EndGlobalSection
EndGlobal
